// !$*UTF8*$!
{
	archiveVersion = 1;
	classes = {
	};
	objectVersion = 46;
	objects = {

/* Begin PBXBuildFile section */
		D7034FEE18B6335700C5D17A /* imagebackground.png in Resources */ = {isa = PBXBuildFile; fileRef = D7034FED18B6335700C5D17A /* imagebackground.png */; };
		D7034FF118B6649500C5D17A /* Upcoming.m in Sources */ = {isa = PBXBuildFile; fileRef = D7034FF018B6649500C5D17A /* Upcoming.m */; };
		D7034FF418B664AF00C5D17A /* UpcomingCell.m in Sources */ = {isa = PBXBuildFile; fileRef = D7034FF318B664AF00C5D17A /* UpcomingCell.m */; };
		D70A834018A7ECFB00E8DD02 /* navibarbackground.png in Resources */ = {isa = PBXBuildFile; fileRef = D70A833D18A7ECFB00E8DD02 /* navibarbackground.png */; };
		D70A839218AA6C2200E8DD02 /* EventViewController.m in Sources */ = {isa = PBXBuildFile; fileRef = D70A839118AA6C2200E8DD02 /* EventViewController.m */; };
		D787B3A318B67E9100AD7787 /* completedbackground.png in Resources */ = {isa = PBXBuildFile; fileRef = D787B3A118B67E9100AD7787 /* completedbackground.png */; };
		D787B3A418B67E9100AD7787 /* upcomingbackground.png in Resources */ = {isa = PBXBuildFile; fileRef = D787B3A218B67E9100AD7787 /* upcomingbackground.png */; };
		D787B3A818B67F6200AD7787 /* myrecordbackground.png in Resources */ = {isa = PBXBuildFile; fileRef = D787B3A718B67F6200AD7787 /* myrecordbackground.png */; };
		D787B3AE18B7071600AD7787 /* SVProgressHUD.bundle in Resources */ = {isa = PBXBuildFile; fileRef = D787B3AB18B7071600AD7787 /* SVProgressHUD.bundle */; };
		D787B3AF18B7071600AD7787 /* SVProgressHUD.m in Sources */ = {isa = PBXBuildFile; fileRef = D787B3AD18B7071600AD7787 /* SVProgressHUD.m */; };
		D787B3B218B710FC00AD7787 /* SettingsViewController.m in Sources */ = {isa = PBXBuildFile; fileRef = D787B3B118B710FC00AD7787 /* SettingsViewController.m */; };
		D787B3B418B71E8E00AD7787 /* donutintro.png in Resources */ = {isa = PBXBuildFile; fileRef = D787B3B318B71E8E00AD7787 /* donutintro.png */; };
		D7BF41C018AB6A0D00185697 /* testViewController.m in Sources */ = {isa = PBXBuildFile; fileRef = D7BF41BF18AB6A0D00185697 /* testViewController.m */; };
		D7BF41C318ADC56E00185697 /* Event.m in Sources */ = {isa = PBXBuildFile; fileRef = D7BF41C218ADC56E00185697 /* Event.m */; };
		D7BF41C618ADC58F00185697 /* EventCell.m in Sources */ = {isa = PBXBuildFile; fileRef = D7BF41C518ADC58F00185697 /* EventCell.m */; };
		D7BF41CB18ADE23300185697 /* EventDetailViewController.m in Sources */ = {isa = PBXBuildFile; fileRef = D7BF41CA18ADE23300185697 /* EventDetailViewController.m */; };
		D7BF41CE18AE0BB400185697 /* smalltabsbackground.png in Resources */ = {isa = PBXBuildFile; fileRef = D7BF41CC18AE0BB400185697 /* smalltabsbackground.png */; };
		D7BF41CF18AE0BB400185697 /* tabbarbackground.png in Resources */ = {isa = PBXBuildFile; fileRef = D7BF41CD18AE0BB400185697 /* tabbarbackground.png */; };
		D7BF41D118AE0E8D00185697 /* settingicon.png in Resources */ = {isa = PBXBuildFile; fileRef = D7BF41D018AE0E8D00185697 /* settingicon.png */; };
		D7BF41D418AE14DB00185697 /* FriendViewController.m in Sources */ = {isa = PBXBuildFile; fileRef = D7BF41D318AE14DB00185697 /* FriendViewController.m */; };
		D7BF41D718AE15FB00185697 /* Friend.m in Sources */ = {isa = PBXBuildFile; fileRef = D7BF41D618AE15FB00185697 /* Friend.m */; };
		D7BF41DA18AE161B00185697 /* FriendCell.m in Sources */ = {isa = PBXBuildFile; fileRef = D7BF41D918AE161B00185697 /* FriendCell.m */; };
		D7BF41DD18AE886E00185697 /* MyRecordPageViewController.m in Sources */ = {isa = PBXBuildFile; fileRef = D7BF41DC18AE886E00185697 /* MyRecordPageViewController.m */; };
		D7BF41E018AE88AB00185697 /* MyRecordViewController.m in Sources */ = {isa = PBXBuildFile; fileRef = D7BF41DF18AE88AB00185697 /* MyRecordViewController.m */; };
		D7BF41EA18AE985E00185697 /* eventicon.png in Resources */ = {isa = PBXBuildFile; fileRef = D7BF41E718AE985E00185697 /* eventicon.png */; };
		D7BF41EB18AE985E00185697 /* friendicon.png in Resources */ = {isa = PBXBuildFile; fileRef = D7BF41E818AE985E00185697 /* friendicon.png */; };
		D7BF41EE18AE9A5500185697 /* meicon.png in Resources */ = {isa = PBXBuildFile; fileRef = D7BF41ED18AE9A5500185697 /* meicon.png */; };
		D7BF41F118AF096500185697 /* PageContentViewController.m in Sources */ = {isa = PBXBuildFile; fileRef = D7BF41F018AF096500185697 /* PageContentViewController.m */; };
		D7BF41F318AF1AB700185697 /* page1.png in Resources */ = {isa = PBXBuildFile; fileRef = D7BF41F218AF1AB700185697 /* page1.png */; };
		D7BF41FA18B47E4400185697 /* loginbackground.png in Resources */ = {isa = PBXBuildFile; fileRef = D7BF41F918B47E4400185697 /* loginbackground.png */; };
		D7BF41FD18B4854F00185697 /* RegisterViewController.m in Sources */ = {isa = PBXBuildFile; fileRef = D7BF41FC18B4854F00185697 /* RegisterViewController.m */; };
		D7BF41FF18B487E400185697 /* registerbackground.png in Resources */ = {isa = PBXBuildFile; fileRef = D7BF41FE18B487E400185697 /* registerbackground.png */; };
		D7BF420A18B48F4600185697 /* CompletedViewController.m in Sources */ = {isa = PBXBuildFile; fileRef = D7BF420918B48F4600185697 /* CompletedViewController.m */; };
		D7BF420D18B48F5500185697 /* UpcomingViewController.m in Sources */ = {isa = PBXBuildFile; fileRef = D7BF420C18B48F5500185697 /* UpcomingViewController.m */; };
		D7BF421018B4908C00185697 /* Completed.m in Sources */ = {isa = PBXBuildFile; fileRef = D7BF420F18B4908C00185697 /* Completed.m */; };
		D7BF421318B493F700185697 /* CompletedCell.m in Sources */ = {isa = PBXBuildFile; fileRef = D7BF421218B493F700185697 /* CompletedCell.m */; };
		D7BF421618B4991B00185697 /* MyRecord.m in Sources */ = {isa = PBXBuildFile; fileRef = D7BF421518B4991B00185697 /* MyRecord.m */; };
		D7BF421E18B4F11E00185697 /* friendsbackground.png in Resources */ = {isa = PBXBuildFile; fileRef = D7BF421D18B4F11E00185697 /* friendsbackground.png */; };
		D7C8F64318A7E8E7000257C9 /* Foundation.framework in Frameworks */ = {isa = PBXBuildFile; fileRef = D7C8F64218A7E8E7000257C9 /* Foundation.framework */; };
		D7C8F64518A7E8E7000257C9 /* CoreGraphics.framework in Frameworks */ = {isa = PBXBuildFile; fileRef = D7C8F64418A7E8E7000257C9 /* CoreGraphics.framework */; };
		D7C8F64718A7E8E7000257C9 /* UIKit.framework in Frameworks */ = {isa = PBXBuildFile; fileRef = D7C8F64618A7E8E7000257C9 /* UIKit.framework */; };
		D7C8F64D18A7E8E7000257C9 /* InfoPlist.strings in Resources */ = {isa = PBXBuildFile; fileRef = D7C8F64B18A7E8E7000257C9 /* InfoPlist.strings */; };
		D7C8F64F18A7E8E7000257C9 /* main.m in Sources */ = {isa = PBXBuildFile; fileRef = D7C8F64E18A7E8E7000257C9 /* main.m */; };
		D7C8F65318A7E8E7000257C9 /* AppDelegate.m in Sources */ = {isa = PBXBuildFile; fileRef = D7C8F65218A7E8E7000257C9 /* AppDelegate.m */; };
		D7C8F65618A7E8E7000257C9 /* Main.storyboard in Resources */ = {isa = PBXBuildFile; fileRef = D7C8F65418A7E8E7000257C9 /* Main.storyboard */; };
		D7C8F65918A7E8E7000257C9 /* ViewController.m in Sources */ = {isa = PBXBuildFile; fileRef = D7C8F65818A7E8E7000257C9 /* ViewController.m */; };
		D7C8F65B18A7E8E7000257C9 /* Images.xcassets in Resources */ = {isa = PBXBuildFile; fileRef = D7C8F65A18A7E8E7000257C9 /* Images.xcassets */; };
		D7C8F66218A7E8E7000257C9 /* XCTest.framework in Frameworks */ = {isa = PBXBuildFile; fileRef = D7C8F66118A7E8E7000257C9 /* XCTest.framework */; };
		D7C8F66318A7E8E7000257C9 /* Foundation.framework in Frameworks */ = {isa = PBXBuildFile; fileRef = D7C8F64218A7E8E7000257C9 /* Foundation.framework */; };
		D7C8F66418A7E8E7000257C9 /* UIKit.framework in Frameworks */ = {isa = PBXBuildFile; fileRef = D7C8F64618A7E8E7000257C9 /* UIKit.framework */; };
		D7C8F66C18A7E8E7000257C9 /* InfoPlist.strings in Resources */ = {isa = PBXBuildFile; fileRef = D7C8F66A18A7E8E7000257C9 /* InfoPlist.strings */; };
		D7C8F66E18A7E8E7000257C9 /* DonutTests.m in Sources */ = {isa = PBXBuildFile; fileRef = D7C8F66D18A7E8E7000257C9 /* DonutTests.m */; };
		D7C9ED0118B4F6F000CC8E7D /* page2.png in Resources */ = {isa = PBXBuildFile; fileRef = D7C9ED0018B4F6F000CC8E7D /* page2.png */; };
/* End PBXBuildFile section */

/* Begin PBXContainerItemProxy section */
		D7C8F66518A7E8E7000257C9 /* PBXContainerItemProxy */ = {
			isa = PBXContainerItemProxy;
			containerPortal = D7C8F63718A7E8E7000257C9 /* Project object */;
			proxyType = 1;
			remoteGlobalIDString = D7C8F63E18A7E8E7000257C9;
			remoteInfo = Donut;
		};
/* End PBXContainerItemProxy section */

/* Begin PBXFileReference section */
		D7034FED18B6335700C5D17A /* imagebackground.png */ = {isa = PBXFileReference; lastKnownFileType = image.png; path = imagebackground.png; sourceTree = "<group>"; };
		D7034FEF18B6649500C5D17A /* Upcoming.h */ = {isa = PBXFileReference; fileEncoding = 4; lastKnownFileType = sourcecode.c.h; path = Upcoming.h; sourceTree = "<group>"; };
		D7034FF018B6649500C5D17A /* Upcoming.m */ = {isa = PBXFileReference; fileEncoding = 4; lastKnownFileType = sourcecode.c.objc; path = Upcoming.m; sourceTree = "<group>"; };
		D7034FF218B664AF00C5D17A /* UpcomingCell.h */ = {isa = PBXFileReference; fileEncoding = 4; lastKnownFileType = sourcecode.c.h; path = UpcomingCell.h; sourceTree = "<group>"; };
		D7034FF318B664AF00C5D17A /* UpcomingCell.m */ = {isa = PBXFileReference; fileEncoding = 4; lastKnownFileType = sourcecode.c.objc; path = UpcomingCell.m; sourceTree = "<group>"; };
		D70A833D18A7ECFB00E8DD02 /* navibarbackground.png */ = {isa = PBXFileReference; lastKnownFileType = image.png; path = navibarbackground.png; sourceTree = "<group>"; };
		D70A839018AA6C2200E8DD02 /* EventViewController.h */ = {isa = PBXFileReference; fileEncoding = 4; lastKnownFileType = sourcecode.c.h; path = EventViewController.h; sourceTree = "<group>"; };
		D70A839118AA6C2200E8DD02 /* EventViewController.m */ = {isa = PBXFileReference; fileEncoding = 4; lastKnownFileType = sourcecode.c.objc; path = EventViewController.m; sourceTree = "<group>"; };
		D787B3A118B67E9100AD7787 /* completedbackground.png */ = {isa = PBXFileReference; lastKnownFileType = image.png; path = completedbackground.png; sourceTree = "<group>"; };
		D787B3A218B67E9100AD7787 /* upcomingbackground.png */ = {isa = PBXFileReference; lastKnownFileType = image.png; path = upcomingbackground.png; sourceTree = "<group>"; };
		D787B3A718B67F6200AD7787 /* myrecordbackground.png */ = {isa = PBXFileReference; lastKnownFileType = image.png; path = myrecordbackground.png; sourceTree = "<group>"; };
		D787B3AA18B7071600AD7787 /* SVProgressHUD-Prefix.pch */ = {isa = PBXFileReference; fileEncoding = 4; lastKnownFileType = sourcecode.c.h; path = "SVProgressHUD-Prefix.pch"; sourceTree = "<group>"; };
		D787B3AB18B7071600AD7787 /* SVProgressHUD.bundle */ = {isa = PBXFileReference; lastKnownFileType = "wrapper.plug-in"; path = SVProgressHUD.bundle; sourceTree = "<group>"; };
		D787B3AC18B7071600AD7787 /* SVProgressHUD.h */ = {isa = PBXFileReference; fileEncoding = 4; lastKnownFileType = sourcecode.c.h; path = SVProgressHUD.h; sourceTree = "<group>"; };
		D787B3AD18B7071600AD7787 /* SVProgressHUD.m */ = {isa = PBXFileReference; fileEncoding = 4; lastKnownFileType = sourcecode.c.objc; path = SVProgressHUD.m; sourceTree = "<group>"; };
		D787B3B018B710FC00AD7787 /* SettingsViewController.h */ = {isa = PBXFileReference; fileEncoding = 4; lastKnownFileType = sourcecode.c.h; path = SettingsViewController.h; sourceTree = "<group>"; };
		D787B3B118B710FC00AD7787 /* SettingsViewController.m */ = {isa = PBXFileReference; fileEncoding = 4; lastKnownFileType = sourcecode.c.objc; path = SettingsViewController.m; sourceTree = "<group>"; };
		D787B3B318B71E8E00AD7787 /* donutintro.png */ = {isa = PBXFileReference; lastKnownFileType = image.png; path = donutintro.png; sourceTree = "<group>"; };
		D7BF41BE18AB6A0D00185697 /* testViewController.h */ = {isa = PBXFileReference; fileEncoding = 4; lastKnownFileType = sourcecode.c.h; path = testViewController.h; sourceTree = "<group>"; };
		D7BF41BF18AB6A0D00185697 /* testViewController.m */ = {isa = PBXFileReference; fileEncoding = 4; lastKnownFileType = sourcecode.c.objc; path = testViewController.m; sourceTree = "<group>"; };
		D7BF41C118ADC56E00185697 /* Event.h */ = {isa = PBXFileReference; fileEncoding = 4; lastKnownFileType = sourcecode.c.h; path = Event.h; sourceTree = "<group>"; };
		D7BF41C218ADC56E00185697 /* Event.m */ = {isa = PBXFileReference; fileEncoding = 4; lastKnownFileType = sourcecode.c.objc; path = Event.m; sourceTree = "<group>"; };
		D7BF41C418ADC58F00185697 /* EventCell.h */ = {isa = PBXFileReference; fileEncoding = 4; lastKnownFileType = sourcecode.c.h; path = EventCell.h; sourceTree = "<group>"; };
		D7BF41C518ADC58F00185697 /* EventCell.m */ = {isa = PBXFileReference; fileEncoding = 4; lastKnownFileType = sourcecode.c.objc; path = EventCell.m; sourceTree = "<group>"; };
		D7BF41C918ADE23300185697 /* EventDetailViewController.h */ = {isa = PBXFileReference; fileEncoding = 4; lastKnownFileType = sourcecode.c.h; path = EventDetailViewController.h; sourceTree = "<group>"; };
		D7BF41CA18ADE23300185697 /* EventDetailViewController.m */ = {isa = PBXFileReference; fileEncoding = 4; lastKnownFileType = sourcecode.c.objc; path = EventDetailViewController.m; sourceTree = "<group>"; };
		D7BF41CC18AE0BB400185697 /* smalltabsbackground.png */ = {isa = PBXFileReference; lastKnownFileType = image.png; name = smalltabsbackground.png; path = "../../../../Documents/Donut images/donut ios/smalltabsbackground.png"; sourceTree = "<group>"; };
		D7BF41CD18AE0BB400185697 /* tabbarbackground.png */ = {isa = PBXFileReference; lastKnownFileType = image.png; name = tabbarbackground.png; path = "../../../../Documents/Donut images/donut ios/tabbarbackground.png"; sourceTree = "<group>"; };
		D7BF41D018AE0E8D00185697 /* settingicon.png */ = {isa = PBXFileReference; lastKnownFileType = image.png; name = settingicon.png; path = "../../../../Documents/Donut images/donut ios/settingicon.png"; sourceTree = "<group>"; };
		D7BF41D218AE14DB00185697 /* FriendViewController.h */ = {isa = PBXFileReference; fileEncoding = 4; lastKnownFileType = sourcecode.c.h; path = FriendViewController.h; sourceTree = "<group>"; };
		D7BF41D318AE14DB00185697 /* FriendViewController.m */ = {isa = PBXFileReference; fileEncoding = 4; lastKnownFileType = sourcecode.c.objc; path = FriendViewController.m; sourceTree = "<group>"; };
		D7BF41D518AE15FB00185697 /* Friend.h */ = {isa = PBXFileReference; fileEncoding = 4; lastKnownFileType = sourcecode.c.h; path = Friend.h; sourceTree = "<group>"; };
		D7BF41D618AE15FB00185697 /* Friend.m */ = {isa = PBXFileReference; fileEncoding = 4; lastKnownFileType = sourcecode.c.objc; path = Friend.m; sourceTree = "<group>"; };
		D7BF41D818AE161B00185697 /* FriendCell.h */ = {isa = PBXFileReference; fileEncoding = 4; lastKnownFileType = sourcecode.c.h; path = FriendCell.h; sourceTree = "<group>"; };
		D7BF41D918AE161B00185697 /* FriendCell.m */ = {isa = PBXFileReference; fileEncoding = 4; lastKnownFileType = sourcecode.c.objc; path = FriendCell.m; sourceTree = "<group>"; };
		D7BF41DB18AE886E00185697 /* MyRecordPageViewController.h */ = {isa = PBXFileReference; fileEncoding = 4; lastKnownFileType = sourcecode.c.h; path = MyRecordPageViewController.h; sourceTree = "<group>"; };
		D7BF41DC18AE886E00185697 /* MyRecordPageViewController.m */ = {isa = PBXFileReference; fileEncoding = 4; lastKnownFileType = sourcecode.c.objc; path = MyRecordPageViewController.m; sourceTree = "<group>"; };
		D7BF41DE18AE88AB00185697 /* MyRecordViewController.h */ = {isa = PBXFileReference; fileEncoding = 4; lastKnownFileType = sourcecode.c.h; path = MyRecordViewController.h; sourceTree = "<group>"; };
		D7BF41DF18AE88AB00185697 /* MyRecordViewController.m */ = {isa = PBXFileReference; fileEncoding = 4; lastKnownFileType = sourcecode.c.objc; path = MyRecordViewController.m; sourceTree = "<group>"; };
		D7BF41E718AE985E00185697 /* eventicon.png */ = {isa = PBXFileReference; lastKnownFileType = image.png; name = eventicon.png; path = "../../../../Documents/Donut images/donut ios/eventicon.png"; sourceTree = "<group>"; };
		D7BF41E818AE985E00185697 /* friendicon.png */ = {isa = PBXFileReference; lastKnownFileType = image.png; name = friendicon.png; path = "../../../../Documents/Donut images/donut ios/friendicon.png"; sourceTree = "<group>"; };
		D7BF41ED18AE9A5500185697 /* meicon.png */ = {isa = PBXFileReference; lastKnownFileType = image.png; name = meicon.png; path = "../../../../Documents/Donut images/donut ios/meicon.png"; sourceTree = "<group>"; };
		D7BF41EF18AF096500185697 /* PageContentViewController.h */ = {isa = PBXFileReference; fileEncoding = 4; lastKnownFileType = sourcecode.c.h; path = PageContentViewController.h; sourceTree = "<group>"; };
		D7BF41F018AF096500185697 /* PageContentViewController.m */ = {isa = PBXFileReference; fileEncoding = 4; lastKnownFileType = sourcecode.c.objc; path = PageContentViewController.m; sourceTree = "<group>"; };
		D7BF41F218AF1AB700185697 /* page1.png */ = {isa = PBXFileReference; lastKnownFileType = image.png; name = page1.png; path = "../../../../Documents/Donut images/donut ios/page1.png"; sourceTree = "<group>"; };
		D7BF41F918B47E4400185697 /* loginbackground.png */ = {isa = PBXFileReference; lastKnownFileType = image.png; name = loginbackground.png; path = "../../../../Documents/Donut images/donut ios/loginbackground.png"; sourceTree = "<group>"; };
		D7BF41FB18B4854F00185697 /* RegisterViewController.h */ = {isa = PBXFileReference; fileEncoding = 4; lastKnownFileType = sourcecode.c.h; path = RegisterViewController.h; sourceTree = "<group>"; };
		D7BF41FC18B4854F00185697 /* RegisterViewController.m */ = {isa = PBXFileReference; fileEncoding = 4; lastKnownFileType = sourcecode.c.objc; path = RegisterViewController.m; sourceTree = "<group>"; };
		D7BF41FE18B487E400185697 /* registerbackground.png */ = {isa = PBXFileReference; lastKnownFileType = image.png; name = registerbackground.png; path = "../../../../Documents/Donut images/donut ios/registerbackground.png"; sourceTree = "<group>"; };
		D7BF420818B48F4600185697 /* CompletedViewController.h */ = {isa = PBXFileReference; fileEncoding = 4; lastKnownFileType = sourcecode.c.h; path = CompletedViewController.h; sourceTree = "<group>"; };
		D7BF420918B48F4600185697 /* CompletedViewController.m */ = {isa = PBXFileReference; fileEncoding = 4; lastKnownFileType = sourcecode.c.objc; path = CompletedViewController.m; sourceTree = "<group>"; };
		D7BF420B18B48F5500185697 /* UpcomingViewController.h */ = {isa = PBXFileReference; fileEncoding = 4; lastKnownFileType = sourcecode.c.h; path = UpcomingViewController.h; sourceTree = "<group>"; };
		D7BF420C18B48F5500185697 /* UpcomingViewController.m */ = {isa = PBXFileReference; fileEncoding = 4; lastKnownFileType = sourcecode.c.objc; path = UpcomingViewController.m; sourceTree = "<group>"; };
		D7BF420E18B4908C00185697 /* Completed.h */ = {isa = PBXFileReference; fileEncoding = 4; lastKnownFileType = sourcecode.c.h; path = Completed.h; sourceTree = "<group>"; };
		D7BF420F18B4908C00185697 /* Completed.m */ = {isa = PBXFileReference; fileEncoding = 4; lastKnownFileType = sourcecode.c.objc; path = Completed.m; sourceTree = "<group>"; };
		D7BF421118B493F700185697 /* CompletedCell.h */ = {isa = PBXFileReference; fileEncoding = 4; lastKnownFileType = sourcecode.c.h; path = CompletedCell.h; sourceTree = "<group>"; };
		D7BF421218B493F700185697 /* CompletedCell.m */ = {isa = PBXFileReference; fileEncoding = 4; lastKnownFileType = sourcecode.c.objc; path = CompletedCell.m; sourceTree = "<group>"; };
		D7BF421418B4991B00185697 /* MyRecord.h */ = {isa = PBXFileReference; fileEncoding = 4; lastKnownFileType = sourcecode.c.h; path = MyRecord.h; sourceTree = "<group>"; };
		D7BF421518B4991B00185697 /* MyRecord.m */ = {isa = PBXFileReference; fileEncoding = 4; lastKnownFileType = sourcecode.c.objc; path = MyRecord.m; sourceTree = "<group>"; };
		D7BF421D18B4F11E00185697 /* friendsbackground.png */ = {isa = PBXFileReference; lastKnownFileType = image.png; name = friendsbackground.png; path = "../../../../Documents/Donut images/donut ios/friendsbackground.png"; sourceTree = "<group>"; };
		D7C8F63F18A7E8E7000257C9 /* Donut.app */ = {isa = PBXFileReference; explicitFileType = wrapper.application; includeInIndex = 0; path = Donut.app; sourceTree = BUILT_PRODUCTS_DIR; };
		D7C8F64218A7E8E7000257C9 /* Foundation.framework */ = {isa = PBXFileReference; lastKnownFileType = wrapper.framework; name = Foundation.framework; path = System/Library/Frameworks/Foundation.framework; sourceTree = SDKROOT; };
		D7C8F64418A7E8E7000257C9 /* CoreGraphics.framework */ = {isa = PBXFileReference; lastKnownFileType = wrapper.framework; name = CoreGraphics.framework; path = System/Library/Frameworks/CoreGraphics.framework; sourceTree = SDKROOT; };
		D7C8F64618A7E8E7000257C9 /* UIKit.framework */ = {isa = PBXFileReference; lastKnownFileType = wrapper.framework; name = UIKit.framework; path = System/Library/Frameworks/UIKit.framework; sourceTree = SDKROOT; };
		D7C8F64A18A7E8E7000257C9 /* Donut-Info.plist */ = {isa = PBXFileReference; lastKnownFileType = text.plist.xml; path = "Donut-Info.plist"; sourceTree = "<group>"; };
		D7C8F64C18A7E8E7000257C9 /* en */ = {isa = PBXFileReference; lastKnownFileType = text.plist.strings; name = en; path = en.lproj/InfoPlist.strings; sourceTree = "<group>"; };
		D7C8F64E18A7E8E7000257C9 /* main.m */ = {isa = PBXFileReference; lastKnownFileType = sourcecode.c.objc; path = main.m; sourceTree = "<group>"; };
		D7C8F65018A7E8E7000257C9 /* Donut-Prefix.pch */ = {isa = PBXFileReference; lastKnownFileType = sourcecode.c.h; path = "Donut-Prefix.pch"; sourceTree = "<group>"; };
		D7C8F65118A7E8E7000257C9 /* AppDelegate.h */ = {isa = PBXFileReference; lastKnownFileType = sourcecode.c.h; path = AppDelegate.h; sourceTree = "<group>"; };
		D7C8F65218A7E8E7000257C9 /* AppDelegate.m */ = {isa = PBXFileReference; lastKnownFileType = sourcecode.c.objc; path = AppDelegate.m; sourceTree = "<group>"; };
		D7C8F65518A7E8E7000257C9 /* Base */ = {isa = PBXFileReference; lastKnownFileType = file.storyboard; name = Base; path = Base.lproj/Main.storyboard; sourceTree = "<group>"; };
		D7C8F65718A7E8E7000257C9 /* ViewController.h */ = {isa = PBXFileReference; lastKnownFileType = sourcecode.c.h; path = ViewController.h; sourceTree = "<group>"; };
		D7C8F65818A7E8E7000257C9 /* ViewController.m */ = {isa = PBXFileReference; lastKnownFileType = sourcecode.c.objc; path = ViewController.m; sourceTree = "<group>"; };
		D7C8F65A18A7E8E7000257C9 /* Images.xcassets */ = {isa = PBXFileReference; lastKnownFileType = folder.assetcatalog; path = Images.xcassets; sourceTree = "<group>"; };
		D7C8F66018A7E8E7000257C9 /* DonutTests.xctest */ = {isa = PBXFileReference; explicitFileType = wrapper.cfbundle; includeInIndex = 0; path = DonutTests.xctest; sourceTree = BUILT_PRODUCTS_DIR; };
		D7C8F66118A7E8E7000257C9 /* XCTest.framework */ = {isa = PBXFileReference; lastKnownFileType = wrapper.framework; name = XCTest.framework; path = Library/Frameworks/XCTest.framework; sourceTree = DEVELOPER_DIR; };
		D7C8F66918A7E8E7000257C9 /* DonutTests-Info.plist */ = {isa = PBXFileReference; lastKnownFileType = text.plist.xml; path = "DonutTests-Info.plist"; sourceTree = "<group>"; };
		D7C8F66B18A7E8E7000257C9 /* en */ = {isa = PBXFileReference; lastKnownFileType = text.plist.strings; name = en; path = en.lproj/InfoPlist.strings; sourceTree = "<group>"; };
		D7C8F66D18A7E8E7000257C9 /* DonutTests.m */ = {isa = PBXFileReference; lastKnownFileType = sourcecode.c.objc; path = DonutTests.m; sourceTree = "<group>"; };
		D7C9ED0018B4F6F000CC8E7D /* page2.png */ = {isa = PBXFileReference; lastKnownFileType = image.png; name = page2.png; path = "../../../../Documents/Donut images/donut ios/page2.png"; sourceTree = "<group>"; };
/* End PBXFileReference section */

/* Begin PBXFrameworksBuildPhase section */
		D7C8F63C18A7E8E7000257C9 /* Frameworks */ = {
			isa = PBXFrameworksBuildPhase;
			buildActionMask = 2147483647;
			files = (
				D7C8F64518A7E8E7000257C9 /* CoreGraphics.framework in Frameworks */,
				D7C8F64718A7E8E7000257C9 /* UIKit.framework in Frameworks */,
				D7C8F64318A7E8E7000257C9 /* Foundation.framework in Frameworks */,
			);
			runOnlyForDeploymentPostprocessing = 0;
		};
		D7C8F65D18A7E8E7000257C9 /* Frameworks */ = {
			isa = PBXFrameworksBuildPhase;
			buildActionMask = 2147483647;
			files = (
				D7C8F66218A7E8E7000257C9 /* XCTest.framework in Frameworks */,
				D7C8F66418A7E8E7000257C9 /* UIKit.framework in Frameworks */,
				D7C8F66318A7E8E7000257C9 /* Foundation.framework in Frameworks */,
			);
			runOnlyForDeploymentPostprocessing = 0;
		};
/* End PBXFrameworksBuildPhase section */

/* Begin PBXGroup section */
		D787B3A918B7071600AD7787 /* SVProgressHUD */ = {
			isa = PBXGroup;
			children = (
				D787B3AA18B7071600AD7787 /* SVProgressHUD-Prefix.pch */,
				D787B3AB18B7071600AD7787 /* SVProgressHUD.bundle */,
				D787B3AC18B7071600AD7787 /* SVProgressHUD.h */,
				D787B3AD18B7071600AD7787 /* SVProgressHUD.m */,
			);
			path = SVProgressHUD;
			sourceTree = "<group>";
		};
		D7C8F63618A7E8E7000257C9 = {
			isa = PBXGroup;
			children = (
				D787B3A918B7071600AD7787 /* SVProgressHUD */,
				D787B3B018B710FC00AD7787 /* SettingsViewController.h */,
				D787B3B118B710FC00AD7787 /* SettingsViewController.m */,
				D7034FF218B664AF00C5D17A /* UpcomingCell.h */,
				D7034FF318B664AF00C5D17A /* UpcomingCell.m */,
				D7034FEF18B6649500C5D17A /* Upcoming.h */,
				D7034FF018B6649500C5D17A /* Upcoming.m */,
				D7BF421418B4991B00185697 /* MyRecord.h */,
				D7BF421518B4991B00185697 /* MyRecord.m */,
				D7BF421118B493F700185697 /* CompletedCell.h */,
				D7BF421218B493F700185697 /* CompletedCell.m */,
				D7BF420E18B4908C00185697 /* Completed.h */,
				D7BF420F18B4908C00185697 /* Completed.m */,
				D7BF420B18B48F5500185697 /* UpcomingViewController.h */,
				D7BF420C18B48F5500185697 /* UpcomingViewController.m */,
				D7BF420818B48F4600185697 /* CompletedViewController.h */,
				D7BF420918B48F4600185697 /* CompletedViewController.m */,
				D7BF41FB18B4854F00185697 /* RegisterViewController.h */,
				D7BF41FC18B4854F00185697 /* RegisterViewController.m */,
				D7BF41EF18AF096500185697 /* PageContentViewController.h */,
				D7BF41F018AF096500185697 /* PageContentViewController.m */,
				D7BF41DE18AE88AB00185697 /* MyRecordViewController.h */,
				D7BF41DF18AE88AB00185697 /* MyRecordViewController.m */,
				D7BF41DB18AE886E00185697 /* MyRecordPageViewController.h */,
				D7BF41DC18AE886E00185697 /* MyRecordPageViewController.m */,
				D7BF41D818AE161B00185697 /* FriendCell.h */,
				D7BF41D918AE161B00185697 /* FriendCell.m */,
				D7BF41D518AE15FB00185697 /* Friend.h */,
				D7BF41D618AE15FB00185697 /* Friend.m */,
				D7BF41D218AE14DB00185697 /* FriendViewController.h */,
				D7BF41D318AE14DB00185697 /* FriendViewController.m */,
				D7BF41C918ADE23300185697 /* EventDetailViewController.h */,
				D7BF41CA18ADE23300185697 /* EventDetailViewController.m */,
				D7BF41C418ADC58F00185697 /* EventCell.h */,
				D7BF41C518ADC58F00185697 /* EventCell.m */,
				D7BF41C118ADC56E00185697 /* Event.h */,
				D7BF41C218ADC56E00185697 /* Event.m */,
				D7BF41BE18AB6A0D00185697 /* testViewController.h */,
				D7BF41BF18AB6A0D00185697 /* testViewController.m */,
				D70A839018AA6C2200E8DD02 /* EventViewController.h */,
				D70A839118AA6C2200E8DD02 /* EventViewController.m */,
				D7C8F64818A7E8E7000257C9 /* Donut */,
				D7C8F66718A7E8E7000257C9 /* DonutTests */,
				D7C8F64118A7E8E7000257C9 /* Frameworks */,
				D7C8F64018A7E8E7000257C9 /* Products */,
			);
			sourceTree = "<group>";
		};
		D7C8F64018A7E8E7000257C9 /* Products */ = {
			isa = PBXGroup;
			children = (
				D7C8F63F18A7E8E7000257C9 /* Donut.app */,
				D7C8F66018A7E8E7000257C9 /* DonutTests.xctest */,
			);
			name = Products;
			sourceTree = "<group>";
		};
		D7C8F64118A7E8E7000257C9 /* Frameworks */ = {
			isa = PBXGroup;
			children = (
				D7C8F64218A7E8E7000257C9 /* Foundation.framework */,
				D7C8F64418A7E8E7000257C9 /* CoreGraphics.framework */,
				D7C8F64618A7E8E7000257C9 /* UIKit.framework */,
				D7C8F66118A7E8E7000257C9 /* XCTest.framework */,
			);
			name = Frameworks;
			sourceTree = "<group>";
		};
		D7C8F64818A7E8E7000257C9 /* Donut */ = {
			isa = PBXGroup;
			children = (
				D787B3B318B71E8E00AD7787 /* donutintro.png */,
				D787B3A718B67F6200AD7787 /* myrecordbackground.png */,
				D787B3A118B67E9100AD7787 /* completedbackground.png */,
				D787B3A218B67E9100AD7787 /* upcomingbackground.png */,
				D7034FED18B6335700C5D17A /* imagebackground.png */,
				D7C9ED0018B4F6F000CC8E7D /* page2.png */,
				D7BF421D18B4F11E00185697 /* friendsbackground.png */,
				D7BF41FE18B487E400185697 /* registerbackground.png */,
				D7BF41F918B47E4400185697 /* loginbackground.png */,
				D7BF41F218AF1AB700185697 /* page1.png */,
				D7BF41ED18AE9A5500185697 /* meicon.png */,
				D7BF41E718AE985E00185697 /* eventicon.png */,
				D7BF41E818AE985E00185697 /* friendicon.png */,
				D7BF41D018AE0E8D00185697 /* settingicon.png */,
				D7BF41CC18AE0BB400185697 /* smalltabsbackground.png */,
				D7BF41CD18AE0BB400185697 /* tabbarbackground.png */,
				D70A833D18A7ECFB00E8DD02 /* navibarbackground.png */,
				D7C8F65118A7E8E7000257C9 /* AppDelegate.h */,
				D7C8F65218A7E8E7000257C9 /* AppDelegate.m */,
				D7C8F65418A7E8E7000257C9 /* Main.storyboard */,
				D7C8F65718A7E8E7000257C9 /* ViewController.h */,
				D7C8F65818A7E8E7000257C9 /* ViewController.m */,
				D7C8F65A18A7E8E7000257C9 /* Images.xcassets */,
				D7C8F64918A7E8E7000257C9 /* Supporting Files */,
			);
			path = Donut;
			sourceTree = "<group>";
		};
		D7C8F64918A7E8E7000257C9 /* Supporting Files */ = {
			isa = PBXGroup;
			children = (
				D7C8F64A18A7E8E7000257C9 /* Donut-Info.plist */,
				D7C8F64B18A7E8E7000257C9 /* InfoPlist.strings */,
				D7C8F64E18A7E8E7000257C9 /* main.m */,
				D7C8F65018A7E8E7000257C9 /* Donut-Prefix.pch */,
			);
			name = "Supporting Files";
			sourceTree = "<group>";
		};
		D7C8F66718A7E8E7000257C9 /* DonutTests */ = {
			isa = PBXGroup;
			children = (
				D7C8F66D18A7E8E7000257C9 /* DonutTests.m */,
				D7C8F66818A7E8E7000257C9 /* Supporting Files */,
			);
			path = DonutTests;
			sourceTree = "<group>";
		};
		D7C8F66818A7E8E7000257C9 /* Supporting Files */ = {
			isa = PBXGroup;
			children = (
				D7C8F66918A7E8E7000257C9 /* DonutTests-Info.plist */,
				D7C8F66A18A7E8E7000257C9 /* InfoPlist.strings */,
			);
			name = "Supporting Files";
			sourceTree = "<group>";
		};
/* End PBXGroup section */

/* Begin PBXNativeTarget section */
		D7C8F63E18A7E8E7000257C9 /* Donut */ = {
			isa = PBXNativeTarget;
			buildConfigurationList = D7C8F67118A7E8E7000257C9 /* Build configuration list for PBXNativeTarget "Donut" */;
			buildPhases = (
				D7C8F63B18A7E8E7000257C9 /* Sources */,
				D7C8F63C18A7E8E7000257C9 /* Frameworks */,
				D7C8F63D18A7E8E7000257C9 /* Resources */,
			);
			buildRules = (
			);
			dependencies = (
			);
			name = Donut;
			productName = Donut;
			productReference = D7C8F63F18A7E8E7000257C9 /* Donut.app */;
			productType = "com.apple.product-type.application";
		};
		D7C8F65F18A7E8E7000257C9 /* DonutTests */ = {
			isa = PBXNativeTarget;
			buildConfigurationList = D7C8F67418A7E8E7000257C9 /* Build configuration list for PBXNativeTarget "DonutTests" */;
			buildPhases = (
				D7C8F65C18A7E8E7000257C9 /* Sources */,
				D7C8F65D18A7E8E7000257C9 /* Frameworks */,
				D7C8F65E18A7E8E7000257C9 /* Resources */,
			);
			buildRules = (
			);
			dependencies = (
				D7C8F66618A7E8E7000257C9 /* PBXTargetDependency */,
			);
			name = DonutTests;
			productName = DonutTests;
			productReference = D7C8F66018A7E8E7000257C9 /* DonutTests.xctest */;
			productType = "com.apple.product-type.bundle.unit-test";
		};
/* End PBXNativeTarget section */

/* Begin PBXProject section */
		D7C8F63718A7E8E7000257C9 /* Project object */ = {
			isa = PBXProject;
			attributes = {
				LastUpgradeCheck = 0510;
				ORGANIZATIONNAME = kinkypizza;
				TargetAttributes = {
					D7C8F63E18A7E8E7000257C9 = {
						DevelopmentTeam = 57L95WLNH2;
					};
					D7C8F65F18A7E8E7000257C9 = {
						TestTargetID = D7C8F63E18A7E8E7000257C9;
					};
				};
			};
			buildConfigurationList = D7C8F63A18A7E8E7000257C9 /* Build configuration list for PBXProject "Donut" */;
			compatibilityVersion = "Xcode 3.2";
			developmentRegion = English;
			hasScannedForEncodings = 0;
			knownRegions = (
				en,
				Base,
			);
			mainGroup = D7C8F63618A7E8E7000257C9;
			productRefGroup = D7C8F64018A7E8E7000257C9 /* Products */;
			projectDirPath = "";
			projectRoot = "";
			targets = (
				D7C8F63E18A7E8E7000257C9 /* Donut */,
				D7C8F65F18A7E8E7000257C9 /* DonutTests */,
			);
		};
/* End PBXProject section */

/* Begin PBXResourcesBuildPhase section */
		D7C8F63D18A7E8E7000257C9 /* Resources */ = {
			isa = PBXResourcesBuildPhase;
			buildActionMask = 2147483647;
			files = (
				D7C8F65B18A7E8E7000257C9 /* Images.xcassets in Resources */,
				D7BF41FF18B487E400185697 /* registerbackground.png in Resources */,
				D7BF421E18B4F11E00185697 /* friendsbackground.png in Resources */,
				D7BF41D118AE0E8D00185697 /* settingicon.png in Resources */,
				D7BF41F318AF1AB700185697 /* page1.png in Resources */,
				D787B3A418B67E9100AD7787 /* upcomingbackground.png in Resources */,
				D7BF41EB18AE985E00185697 /* friendicon.png in Resources */,
				D7034FEE18B6335700C5D17A /* imagebackground.png in Resources */,
				D7BF41CF18AE0BB400185697 /* tabbarbackground.png in Resources */,
				D7C9ED0118B4F6F000CC8E7D /* page2.png in Resources */,
				D7BF41EE18AE9A5500185697 /* meicon.png in Resources */,
				D7BF41EA18AE985E00185697 /* eventicon.png in Resources */,
				D7C8F64D18A7E8E7000257C9 /* InfoPlist.strings in Resources */,
				D7C8F65618A7E8E7000257C9 /* Main.storyboard in Resources */,
				D7BF41FA18B47E4400185697 /* loginbackground.png in Resources */,
				D787B3B418B71E8E00AD7787 /* donutintro.png in Resources */,
				D787B3AE18B7071600AD7787 /* SVProgressHUD.bundle in Resources */,
				D787B3A818B67F6200AD7787 /* myrecordbackground.png in Resources */,
				D70A834018A7ECFB00E8DD02 /* navibarbackground.png in Resources */,
				D7BF41CE18AE0BB400185697 /* smalltabsbackground.png in Resources */,
				D787B3A318B67E9100AD7787 /* completedbackground.png in Resources */,
			);
			runOnlyForDeploymentPostprocessing = 0;
		};
		D7C8F65E18A7E8E7000257C9 /* Resources */ = {
			isa = PBXResourcesBuildPhase;
			buildActionMask = 2147483647;
			files = (
				D7C8F66C18A7E8E7000257C9 /* InfoPlist.strings in Resources */,
			);
			runOnlyForDeploymentPostprocessing = 0;
		};
/* End PBXResourcesBuildPhase section */

/* Begin PBXSourcesBuildPhase section */
		D7C8F63B18A7E8E7000257C9 /* Sources */ = {
			isa = PBXSourcesBuildPhase;
			buildActionMask = 2147483647;
			files = (
				D7BF420A18B48F4600185697 /* CompletedViewController.m in Sources */,
				D7BF41DD18AE886E00185697 /* MyRecordPageViewController.m in Sources */,
				D7BF41FD18B4854F00185697 /* RegisterViewController.m in Sources */,
				D787B3B218B710FC00AD7787 /* SettingsViewController.m in Sources */,
				D7BF421018B4908C00185697 /* Completed.m in Sources */,
				D7BF41E018AE88AB00185697 /* MyRecordViewController.m in Sources */,
				D7BF41C318ADC56E00185697 /* Event.m in Sources */,
				D7BF41D718AE15FB00185697 /* Friend.m in Sources */,
				D7BF41C618ADC58F00185697 /* EventCell.m in Sources */,
				D7BF41CB18ADE23300185697 /* EventDetailViewController.m in Sources */,
				D7BF420D18B48F5500185697 /* UpcomingViewController.m in Sources */,
				D787B3AF18B7071600AD7787 /* SVProgressHUD.m in Sources */,
				D7C8F65918A7E8E7000257C9 /* ViewController.m in Sources */,
				D7BF41D418AE14DB00185697 /* FriendViewController.m in Sources */,
				D70A839218AA6C2200E8DD02 /* EventViewController.m in Sources */,
				D7C8F65318A7E8E7000257C9 /* AppDelegate.m in Sources */,
				D7C8F64F18A7E8E7000257C9 /* main.m in Sources */,
				D7BF41C018AB6A0D00185697 /* testViewController.m in Sources */,
				D7BF421318B493F700185697 /* CompletedCell.m in Sources */,
				D7034FF118B6649500C5D17A /* Upcoming.m in Sources */,
				D7BF41F118AF096500185697 /* PageContentViewController.m in Sources */,
				D7BF421618B4991B00185697 /* MyRecord.m in Sources */,
				D7BF41DA18AE161B00185697 /* FriendCell.m in Sources */,
				D7034FF418B664AF00C5D17A /* UpcomingCell.m in Sources */,
			);
			runOnlyForDeploymentPostprocessing = 0;
		};
		D7C8F65C18A7E8E7000257C9 /* Sources */ = {
			isa = PBXSourcesBuildPhase;
			buildActionMask = 2147483647;
			files = (
				D7C8F66E18A7E8E7000257C9 /* DonutTests.m in Sources */,
			);
			runOnlyForDeploymentPostprocessing = 0;
		};
/* End PBXSourcesBuildPhase section */

/* Begin PBXTargetDependency section */
		D7C8F66618A7E8E7000257C9 /* PBXTargetDependency */ = {
			isa = PBXTargetDependency;
			target = D7C8F63E18A7E8E7000257C9 /* Donut */;
			targetProxy = D7C8F66518A7E8E7000257C9 /* PBXContainerItemProxy */;
		};
/* End PBXTargetDependency section */

/* Begin PBXVariantGroup section */
		D7C8F64B18A7E8E7000257C9 /* InfoPlist.strings */ = {
			isa = PBXVariantGroup;
			children = (
				D7C8F64C18A7E8E7000257C9 /* en */,
			);
			name = InfoPlist.strings;
			sourceTree = "<group>";
		};
		D7C8F65418A7E8E7000257C9 /* Main.storyboard */ = {
			isa = PBXVariantGroup;
			children = (
				D7C8F65518A7E8E7000257C9 /* Base */,
			);
			name = Main.storyboard;
			sourceTree = "<group>";
		};
		D7C8F66A18A7E8E7000257C9 /* InfoPlist.strings */ = {
			isa = PBXVariantGroup;
			children = (
				D7C8F66B18A7E8E7000257C9 /* en */,
			);
			name = InfoPlist.strings;
			sourceTree = "<group>";
		};
/* End PBXVariantGroup section */

/* Begin XCBuildConfiguration section */
		D7C8F66F18A7E8E7000257C9 /* Debug */ = {
			isa = XCBuildConfiguration;
			buildSettings = {
				ALWAYS_SEARCH_USER_PATHS = NO;
				CLANG_CXX_LANGUAGE_STANDARD = "gnu++0x";
				CLANG_CXX_LIBRARY = "libc++";
				CLANG_ENABLE_MODULES = YES;
				CLANG_ENABLE_OBJC_ARC = YES;
				CLANG_WARN_BOOL_CONVERSION = YES;
				CLANG_WARN_CONSTANT_CONVERSION = YES;
				CLANG_WARN_DIRECT_OBJC_ISA_USAGE = YES_ERROR;
				CLANG_WARN_EMPTY_BODY = YES;
				CLANG_WARN_ENUM_CONVERSION = YES;
				CLANG_WARN_INT_CONVERSION = YES;
				CLANG_WARN_OBJC_ROOT_CLASS = YES_ERROR;
				CLANG_WARN__DUPLICATE_METHOD_MATCH = YES;
				"CODE_SIGN_IDENTITY[sdk=iphoneos*]" = "iPhone Developer";
				COPY_PHASE_STRIP = NO;
				GCC_C_LANGUAGE_STANDARD = gnu99;
				GCC_DYNAMIC_NO_PIC = NO;
				GCC_OPTIMIZATION_LEVEL = 0;
				GCC_PREPROCESSOR_DEFINITIONS = (
					"DEBUG=1",
					"$(inherited)",
				);
				GCC_SYMBOLS_PRIVATE_EXTERN = NO;
				GCC_WARN_64_TO_32_BIT_CONVERSION = YES;
				GCC_WARN_ABOUT_RETURN_TYPE = YES_ERROR;
				GCC_WARN_UNDECLARED_SELECTOR = YES;
				GCC_WARN_UNINITIALIZED_AUTOS = YES;
				GCC_WARN_UNUSED_FUNCTION = YES;
				GCC_WARN_UNUSED_VARIABLE = YES;
				IPHONEOS_DEPLOYMENT_TARGET = 7.0;
				ONLY_ACTIVE_ARCH = YES;
				SDKROOT = iphoneos;
			};
			name = Debug;
		};
		D7C8F67018A7E8E7000257C9 /* Release */ = {
			isa = XCBuildConfiguration;
			buildSettings = {
				ALWAYS_SEARCH_USER_PATHS = NO;
				CLANG_CXX_LANGUAGE_STANDARD = "gnu++0x";
				CLANG_CXX_LIBRARY = "libc++";
				CLANG_ENABLE_MODULES = YES;
				CLANG_ENABLE_OBJC_ARC = YES;
				CLANG_WARN_BOOL_CONVERSION = YES;
				CLANG_WARN_CONSTANT_CONVERSION = YES;
				CLANG_WARN_DIRECT_OBJC_ISA_USAGE = YES_ERROR;
				CLANG_WARN_EMPTY_BODY = YES;
				CLANG_WARN_ENUM_CONVERSION = YES;
				CLANG_WARN_INT_CONVERSION = YES;
				CLANG_WARN_OBJC_ROOT_CLASS = YES_ERROR;
				CLANG_WARN__DUPLICATE_METHOD_MATCH = YES;
				"CODE_SIGN_IDENTITY[sdk=iphoneos*]" = "iPhone Developer";
				COPY_PHASE_STRIP = YES;
				ENABLE_NS_ASSERTIONS = NO;
				GCC_C_LANGUAGE_STANDARD = gnu99;
				GCC_WARN_64_TO_32_BIT_CONVERSION = YES;
				GCC_WARN_ABOUT_RETURN_TYPE = YES_ERROR;
				GCC_WARN_UNDECLARED_SELECTOR = YES;
				GCC_WARN_UNINITIALIZED_AUTOS = YES;
				GCC_WARN_UNUSED_FUNCTION = YES;
				GCC_WARN_UNUSED_VARIABLE = YES;
				IPHONEOS_DEPLOYMENT_TARGET = 7.0;
				SDKROOT = iphoneos;
				VALIDATE_PRODUCT = YES;
			};
			name = Release;
		};
		D7C8F67218A7E8E7000257C9 /* Debug */ = {
			isa = XCBuildConfiguration;
			buildSettings = {
				ASSETCATALOG_COMPILER_APPICON_NAME = AppIcon;
				ASSETCATALOG_COMPILER_LAUNCHIMAGE_NAME = LaunchImage;
				CODE_SIGN_IDENTITY = "iPhone Developer";
				"CODE_SIGN_IDENTITY[sdk=iphoneos*]" = "iPhone Developer";
				GCC_PRECOMPILE_PREFIX_HEADER = YES;
				GCC_PREFIX_HEADER = "Donut/Donut-Prefix.pch";
				INFOPLIST_FILE = "Donut/Donut-Info.plist";
				IPHONEOS_DEPLOYMENT_TARGET = 7.0;
				PRODUCT_NAME = "$(TARGET_NAME)";
				PROVISIONING_PROFILE = "";
				WRAPPER_EXTENSION = app;
			};
			name = Debug;
		};
		D7C8F67318A7E8E7000257C9 /* Release */ = {
			isa = XCBuildConfiguration;
			buildSettings = {
				ASSETCATALOG_COMPILER_APPICON_NAME = AppIcon;
				ASSETCATALOG_COMPILER_LAUNCHIMAGE_NAME = LaunchImage;
				CODE_SIGN_IDENTITY = "iPhone Developer";
				"CODE_SIGN_IDENTITY[sdk=iphoneos*]" = "iPhone Developer";
				GCC_PRECOMPILE_PREFIX_HEADER = YES;
				GCC_PREFIX_HEADER = "Donut/Donut-Prefix.pch";
				INFOPLIST_FILE = "Donut/Donut-Info.plist";
				IPHONEOS_DEPLOYMENT_TARGET = 7.0;
				PRODUCT_NAME = "$(TARGET_NAME)";
				PROVISIONING_PROFILE = "";
				WRAPPER_EXTENSION = app;
			};
			name = Release;
		};
		D7C8F67518A7E8E7000257C9 /* Debug */ = {
			isa = XCBuildConfiguration;
			buildSettings = {
				BUNDLE_LOADER = "$(BUILT_PRODUCTS_DIR)/Donut.app/Donut";
				FRAMEWORK_SEARCH_PATHS = (
					"$(SDKROOT)/Developer/Library/Frameworks",
					"$(inherited)",
					"$(DEVELOPER_FRAMEWORKS_DIR)",
				);
				GCC_PRECOMPILE_PREFIX_HEADER = YES;
				GCC_PREFIX_HEADER = "Donut/Donut-Prefix.pch";
				GCC_PREPROCESSOR_DEFINITIONS = (
					"DEBUG=1",
					"$(inherited)",
				);
				INFOPLIST_FILE = "DonutTests/DonutTests-Info.plist";
				PRODUCT_NAME = "$(TARGET_NAME)";
				TEST_HOST = "$(BUNDLE_LOADER)";
				WRAPPER_EXTENSION = xctest;
			};
			name = Debug;
		};
		D7C8F67618A7E8E7000257C9 /* Release */ = {
			isa = XCBuildConfiguration;
			buildSettings = {
				BUNDLE_LOADER = "$(BUILT_PRODUCTS_DIR)/Donut.app/Donut";
				FRAMEWORK_SEARCH_PATHS = (
					"$(SDKROOT)/Developer/Library/Frameworks",
					"$(inherited)",
					"$(DEVELOPER_FRAMEWORKS_DIR)",
				);
				GCC_PRECOMPILE_PREFIX_HEADER = YES;
				GCC_PREFIX_HEADER = "Donut/Donut-Prefix.pch";
				INFOPLIST_FILE = "DonutTests/DonutTests-Info.plist";
				PRODUCT_NAME = "$(TARGET_NAME)";
				TEST_HOST = "$(BUNDLE_LOADER)";
				WRAPPER_EXTENSION = xctest;
			};
			name = Release;
		};
/* End XCBuildConfiguration section */

/* Begin XCConfigurationList section */
		D7C8F63A18A7E8E7000257C9 /* Build configuration list for PBXProject "Donut" */ = {
			isa = XCConfigurationList;
			buildConfigurations = (
				D7C8F66F18A7E8E7000257C9 /* Debug */,
				D7C8F67018A7E8E7000257C9 /* Release */,
			);
			defaultConfigurationIsVisible = 0;
			defaultConfigurationName = Release;
		};
		D7C8F67118A7E8E7000257C9 /* Build configuration list for PBXNativeTarget "Donut" */ = {
			isa = XCConfigurationList;
			buildConfigurations = (
				D7C8F67218A7E8E7000257C9 /* Debug */,
				D7C8F67318A7E8E7000257C9 /* Release */,
			);
			defaultConfigurationIsVisible = 0;
			defaultConfigurationName = Release;
		};
		D7C8F67418A7E8E7000257C9 /* Build configuration list for PBXNativeTarget "DonutTests" */ = {
			isa = XCConfigurationList;
			buildConfigurations = (
				D7C8F67518A7E8E7000257C9 /* Debug */,
				D7C8F67618A7E8E7000257C9 /* Release */,
			);
			defaultConfigurationIsVisible = 0;
			defaultConfigurationName = Release;
		};
/* End XCConfigurationList section */
	};
	rootObject = D7C8F63718A7E8E7000257C9 /* Project object */;
}
